PODS:
  - Alamofire (5.4.1)
  - Kingfisher (6.1.0)
  - PinLayout (1.9.3)
  - SwiftyJSON (5.0.0)

DEPENDENCIES:
  - Alamofire
  - Kingfisher
  - PinLayout
  - SwiftyJSON

SPEC REPOS:
  trunk:
    - Alamofire
    - Kingfisher
    - PinLayout
    - SwiftyJSON

SPEC CHECKSUMS:
  Alamofire: 2291f7d21ca607c491dd17642e5d40fdcda0e65c
  Kingfisher: f5d8d60a0ef3edd642fd781bae60918599901aff
  PinLayout: 4d8733121f8687edcc8f00c19bf1379d12808767
  SwiftyJSON: 36413e04c44ee145039d332b4f4e2d3e8d6c4db7

PODFILE CHECKSUM: 0c0249fbccdc150e4b74de317411f580f4631ef8

COCOAPODS: 1.8.4
